
Microsoft Visual Studio Solution File, Format Version 12.00
# Visual Studio Version 17
VisualStudioVersion = 17.9.34723.18
MinimumVisualStudioVersion = 10.0.40219.1
Project("{9A19103F-16F7-4668-BE54-9A1E7A4F7556}") = "Ecommerce.Transversal.Common", "Ecommerce.Transversal.Common\Ecommerce.Transversal.Common.csproj", "{DD937CA9-426C-448C-B760-BBB74D7EB62F}"
EndProject
Project("{2150E333-8FDC-42A3-9474-1A3956D46DE8}") = "Transversal", "Transversal", "{1D95B316-27F2-4D5D-BBC7-6039876EDC56}"
EndProject
Project("{2150E333-8FDC-42A3-9474-1A3956D46DE8}") = "Aplicacion", "Aplicacion", "{0D93B772-4FDD-424F-9831-EAE929F3CBD1}"
EndProject
Project("{2150E333-8FDC-42A3-9474-1A3956D46DE8}") = "Dominio", "Dominio", "{01BA1E18-0CB3-4705-B62F-00ACBF96A398}"
EndProject
Project("{2150E333-8FDC-42A3-9474-1A3956D46DE8}") = "Infraestructura", "Infraestructura", "{28F5C0BC-107D-42F5-9151-EF4C0CF7F4EE}"
EndProject
Project("{2150E333-8FDC-42A3-9474-1A3956D46DE8}") = "Servicio", "Servicio", "{627CCE89-00A3-4675-AAB5-04AF74A7D62D}"
EndProject
Project("{9A19103F-16F7-4668-BE54-9A1E7A4F7556}") = "Ecommerce.Infrastructure.Data", "Ecommerce.Infrastructure.Data\Ecommerce.Infrastructure.Data.csproj", "{8E56548F-1262-47F5-A039-816FCF0E00AA}"
EndProject
Project("{9A19103F-16F7-4668-BE54-9A1E7A4F7556}") = "Ecommerce.Infrastructure.Interface", "Ecommerce.Infrastructure.Interface\Ecommerce.Infrastructure.Interface.csproj", "{D1A7EE28-7917-4F66-A4A4-23355CF03D04}"
EndProject
Project("{9A19103F-16F7-4668-BE54-9A1E7A4F7556}") = "Ecommerce.Domain.Entity", "Ecommerce.Domain.Entity\Ecommerce.Domain.Entity.csproj", "{A006364F-D7DC-432C-8181-2020A8F10F07}"
EndProject
Project("{9A19103F-16F7-4668-BE54-9A1E7A4F7556}") = "Ecommerce.Infrastructure.Repository", "Ecommerce.Infrastructure.Repository\Ecommerce.Infrastructure.Repository.csproj", "{E0378BA0-0675-4B7A-B051-48DBEC524591}"
EndProject
Project("{FAE04EC0-301F-11D3-BF4B-00C04F79EFBC}") = "Ecommerce.Domain.Interface", "Ecommerce.Domain.Interface\Ecommerce.Domain.Interface.csproj", "{4B66BCF1-9E93-4FC8-9D2E-1961FA3789A7}"
EndProject
Project("{FAE04EC0-301F-11D3-BF4B-00C04F79EFBC}") = "Ecommerce.Domain.Core", "Ecommerce.Domain.Core\Ecommerce.Domain.Core.csproj", "{8CAC45AA-5EA5-4A45-8008-E2323A10C75A}"
EndProject
Project("{FAE04EC0-301F-11D3-BF4B-00C04F79EFBC}") = "Ecommerce.Application.DTO", "Ecommerce.Application.DTO\Ecommerce.Application.DTO.csproj", "{703AC190-0893-4A39-BE3F-10FBF48C41E3}"
EndProject
Project("{FAE04EC0-301F-11D3-BF4B-00C04F79EFBC}") = "Ecommerce.Transversal.Mapper", "Ecommerce.Transversal.Mapper\Ecommerce.Transversal.Mapper.csproj", "{F8F95A15-E92D-48D2-9662-C4B48E0A618E}"
EndProject
Project("{FAE04EC0-301F-11D3-BF4B-00C04F79EFBC}") = "Ecommerce.Application.Interface", "Ecommerce.Application.Interface\Ecommerce.Application.Interface.csproj", "{6A77995D-8DC9-4140-ACF0-F15B58B89161}"
EndProject
Project("{FAE04EC0-301F-11D3-BF4B-00C04F79EFBC}") = "Ecommerce.Application.Main", "Ecommerce.Application.Main\Ecommerce.Application.Main.csproj", "{4B744AC7-AA7D-4BB5-9F37-4C816C0D1CCA}"
EndProject
Project("{FAE04EC0-301F-11D3-BF4B-00C04F79EFBC}") = "Ecommerce.Services.WebApi", "Ecommerce.Services.WebApi\Ecommerce.Services.WebApi.csproj", "{81C3D1B6-ED52-476B-931B-7010D4D59C3E}"
EndProject
Global
	GlobalSection(SolutionConfigurationPlatforms) = preSolution
		Debug|Any CPU = Debug|Any CPU
		Release|Any CPU = Release|Any CPU
	EndGlobalSection
	GlobalSection(ProjectConfigurationPlatforms) = postSolution
		{DD937CA9-426C-448C-B760-BBB74D7EB62F}.Debug|Any CPU.ActiveCfg = Debug|Any CPU
		{DD937CA9-426C-448C-B760-BBB74D7EB62F}.Debug|Any CPU.Build.0 = Debug|Any CPU
		{DD937CA9-426C-448C-B760-BBB74D7EB62F}.Release|Any CPU.ActiveCfg = Release|Any CPU
		{DD937CA9-426C-448C-B760-BBB74D7EB62F}.Release|Any CPU.Build.0 = Release|Any CPU
		{8E56548F-1262-47F5-A039-816FCF0E00AA}.Debug|Any CPU.ActiveCfg = Debug|Any CPU
		{8E56548F-1262-47F5-A039-816FCF0E00AA}.Debug|Any CPU.Build.0 = Debug|Any CPU
		{8E56548F-1262-47F5-A039-816FCF0E00AA}.Release|Any CPU.ActiveCfg = Release|Any CPU
		{8E56548F-1262-47F5-A039-816FCF0E00AA}.Release|Any CPU.Build.0 = Release|Any CPU
		{D1A7EE28-7917-4F66-A4A4-23355CF03D04}.Debug|Any CPU.ActiveCfg = Debug|Any CPU
		{D1A7EE28-7917-4F66-A4A4-23355CF03D04}.Debug|Any CPU.Build.0 = Debug|Any CPU
		{D1A7EE28-7917-4F66-A4A4-23355CF03D04}.Release|Any CPU.ActiveCfg = Release|Any CPU
		{D1A7EE28-7917-4F66-A4A4-23355CF03D04}.Release|Any CPU.Build.0 = Release|Any CPU
		{A006364F-D7DC-432C-8181-2020A8F10F07}.Debug|Any CPU.ActiveCfg = Debug|Any CPU
		{A006364F-D7DC-432C-8181-2020A8F10F07}.Debug|Any CPU.Build.0 = Debug|Any CPU
		{A006364F-D7DC-432C-8181-2020A8F10F07}.Release|Any CPU.ActiveCfg = Release|Any CPU
		{A006364F-D7DC-432C-8181-2020A8F10F07}.Release|Any CPU.Build.0 = Release|Any CPU
		{E0378BA0-0675-4B7A-B051-48DBEC524591}.Debug|Any CPU.ActiveCfg = Debug|Any CPU
		{E0378BA0-0675-4B7A-B051-48DBEC524591}.Debug|Any CPU.Build.0 = Debug|Any CPU
		{E0378BA0-0675-4B7A-B051-48DBEC524591}.Release|Any CPU.ActiveCfg = Release|Any CPU
		{E0378BA0-0675-4B7A-B051-48DBEC524591}.Release|Any CPU.Build.0 = Release|Any CPU
		{4B66BCF1-9E93-4FC8-9D2E-1961FA3789A7}.Debug|Any CPU.ActiveCfg = Debug|Any CPU
		{4B66BCF1-9E93-4FC8-9D2E-1961FA3789A7}.Debug|Any CPU.Build.0 = Debug|Any CPU
		{4B66BCF1-9E93-4FC8-9D2E-1961FA3789A7}.Release|Any CPU.ActiveCfg = Release|Any CPU
		{4B66BCF1-9E93-4FC8-9D2E-1961FA3789A7}.Release|Any CPU.Build.0 = Release|Any CPU
		{8CAC45AA-5EA5-4A45-8008-E2323A10C75A}.Debug|Any CPU.ActiveCfg = Debug|Any CPU
		{8CAC45AA-5EA5-4A45-8008-E2323A10C75A}.Debug|Any CPU.Build.0 = Debug|Any CPU
		{8CAC45AA-5EA5-4A45-8008-E2323A10C75A}.Release|Any CPU.ActiveCfg = Release|Any CPU
		{8CAC45AA-5EA5-4A45-8008-E2323A10C75A}.Release|Any CPU.Build.0 = Release|Any CPU
		{703AC190-0893-4A39-BE3F-10FBF48C41E3}.Debug|Any CPU.ActiveCfg = Debug|Any CPU
		{703AC190-0893-4A39-BE3F-10FBF48C41E3}.Debug|Any CPU.Build.0 = Debug|Any CPU
		{703AC190-0893-4A39-BE3F-10FBF48C41E3}.Release|Any CPU.ActiveCfg = Release|Any CPU
		{703AC190-0893-4A39-BE3F-10FBF48C41E3}.Release|Any CPU.Build.0 = Release|Any CPU
		{F8F95A15-E92D-48D2-9662-C4B48E0A618E}.Debug|Any CPU.ActiveCfg = Debug|Any CPU
		{F8F95A15-E92D-48D2-9662-C4B48E0A618E}.Debug|Any CPU.Build.0 = Debug|Any CPU
		{F8F95A15-E92D-48D2-9662-C4B48E0A618E}.Release|Any CPU.ActiveCfg = Release|Any CPU
		{F8F95A15-E92D-48D2-9662-C4B48E0A618E}.Release|Any CPU.Build.0 = Release|Any CPU
		{6A77995D-8DC9-4140-ACF0-F15B58B89161}.Debug|Any CPU.ActiveCfg = Debug|Any CPU
		{6A77995D-8DC9-4140-ACF0-F15B58B89161}.Debug|Any CPU.Build.0 = Debug|Any CPU
		{6A77995D-8DC9-4140-ACF0-F15B58B89161}.Release|Any CPU.ActiveCfg = Release|Any CPU
		{6A77995D-8DC9-4140-ACF0-F15B58B89161}.Release|Any CPU.Build.0 = Release|Any CPU
		{4B744AC7-AA7D-4BB5-9F37-4C816C0D1CCA}.Debug|Any CPU.ActiveCfg = Debug|Any CPU
		{4B744AC7-AA7D-4BB5-9F37-4C816C0D1CCA}.Debug|Any CPU.Build.0 = Debug|Any CPU
		{4B744AC7-AA7D-4BB5-9F37-4C816C0D1CCA}.Release|Any CPU.ActiveCfg = Release|Any CPU
		{4B744AC7-AA7D-4BB5-9F37-4C816C0D1CCA}.Release|Any CPU.Build.0 = Release|Any CPU
		{81C3D1B6-ED52-476B-931B-7010D4D59C3E}.Debug|Any CPU.ActiveCfg = Debug|Any CPU
		{81C3D1B6-ED52-476B-931B-7010D4D59C3E}.Debug|Any CPU.Build.0 = Debug|Any CPU
		{81C3D1B6-ED52-476B-931B-7010D4D59C3E}.Release|Any CPU.ActiveCfg = Release|Any CPU
		{81C3D1B6-ED52-476B-931B-7010D4D59C3E}.Release|Any CPU.Build.0 = Release|Any CPU
	EndGlobalSection
	GlobalSection(SolutionProperties) = preSolution
		HideSolutionNode = FALSE
	EndGlobalSection
	GlobalSection(NestedProjects) = preSolution
		{DD937CA9-426C-448C-B760-BBB74D7EB62F} = {1D95B316-27F2-4D5D-BBC7-6039876EDC56}
		{8E56548F-1262-47F5-A039-816FCF0E00AA} = {28F5C0BC-107D-42F5-9151-EF4C0CF7F4EE}
		{D1A7EE28-7917-4F66-A4A4-23355CF03D04} = {28F5C0BC-107D-42F5-9151-EF4C0CF7F4EE}
		{A006364F-D7DC-432C-8181-2020A8F10F07} = {01BA1E18-0CB3-4705-B62F-00ACBF96A398}
		{E0378BA0-0675-4B7A-B051-48DBEC524591} = {28F5C0BC-107D-42F5-9151-EF4C0CF7F4EE}
		{4B66BCF1-9E93-4FC8-9D2E-1961FA3789A7} = {01BA1E18-0CB3-4705-B62F-00ACBF96A398}
		{8CAC45AA-5EA5-4A45-8008-E2323A10C75A} = {01BA1E18-0CB3-4705-B62F-00ACBF96A398}
		{703AC190-0893-4A39-BE3F-10FBF48C41E3} = {0D93B772-4FDD-424F-9831-EAE929F3CBD1}
		{F8F95A15-E92D-48D2-9662-C4B48E0A618E} = {1D95B316-27F2-4D5D-BBC7-6039876EDC56}
		{6A77995D-8DC9-4140-ACF0-F15B58B89161} = {0D93B772-4FDD-424F-9831-EAE929F3CBD1}
		{4B744AC7-AA7D-4BB5-9F37-4C816C0D1CCA} = {0D93B772-4FDD-424F-9831-EAE929F3CBD1}
		{81C3D1B6-ED52-476B-931B-7010D4D59C3E} = {627CCE89-00A3-4675-AAB5-04AF74A7D62D}
	EndGlobalSection
	GlobalSection(ExtensibilityGlobals) = postSolution
		SolutionGuid = {998F2C3F-28CF-4446-BAD8-D27946C9BC6B}
	EndGlobalSection
EndGlobal
